
Microsoft Visual Studio Solution File, Format Version 12.00
# Visual Studio Version 17
VisualStudioVersion = 17.5.002.0
MinimumVisualStudioVersion = 10.0.40219.1
Project("{9A19103F-16F7-4668-BE54-9A1E7A4F7556}") = "captcher-app", "captcher-app\captcher-app.csproj", "{109B17D7-4B17-45FB-ADE6-EB1021E503CB}"
EndProject
Project("{9A19103F-16F7-4668-BE54-9A1E7A4F7556}") = "cracker-code", "cracker-code\cracker-code.csproj", "{EBD78B9F-B3DE-4653-BF01-F97593E3F0EB}"
EndProject
Project("{9A19103F-16F7-4668-BE54-9A1E7A4F7556}") = "validator", "validator\validator.csproj", "{B1BC30CA-F589-48D8-80BB-B795BEF5448B}"
EndProject
Global
	GlobalSection(SolutionConfigurationPlatforms) = preSolution
		Debug|Any CPU = Debug|Any CPU
		Release|Any CPU = Release|Any CPU
	EndGlobalSection
	GlobalSection(ProjectConfigurationPlatforms) = postSolution
		{109B17D7-4B17-45FB-ADE6-EB1021E503CB}.Debug|Any CPU.ActiveCfg = Debug|Any CPU
		{109B17D7-4B17-45FB-ADE6-EB1021E503CB}.Debug|Any CPU.Build.0 = Debug|Any CPU
		{109B17D7-4B17-45FB-ADE6-EB1021E503CB}.Release|Any CPU.ActiveCfg = Release|Any CPU
		{109B17D7-4B17-45FB-ADE6-EB1021E503CB}.Release|Any CPU.Build.0 = Release|Any CPU
		{EBD78B9F-B3DE-4653-BF01-F97593E3F0EB}.Debug|Any CPU.ActiveCfg = Debug|Any CPU
		{EBD78B9F-B3DE-4653-BF01-F97593E3F0EB}.Debug|Any CPU.Build.0 = Debug|Any CPU
		{EBD78B9F-B3DE-4653-BF01-F97593E3F0EB}.Release|Any CPU.ActiveCfg = Release|Any CPU
		{EBD78B9F-B3DE-4653-BF01-F97593E3F0EB}.Release|Any CPU.Build.0 = Release|Any CPU
		{B1BC30CA-F589-48D8-80BB-B795BEF5448B}.Debug|Any CPU.ActiveCfg = Debug|Any CPU
		{B1BC30CA-F589-48D8-80BB-B795BEF5448B}.Debug|Any CPU.Build.0 = Debug|Any CPU
		{B1BC30CA-F589-48D8-80BB-B795BEF5448B}.Release|Any CPU.ActiveCfg = Release|Any CPU
		{B1BC30CA-F589-48D8-80BB-B795BEF5448B}.Release|Any CPU.Build.0 = Release|Any CPU
	EndGlobalSection
	GlobalSection(SolutionProperties) = preSolution
		HideSolutionNode = FALSE
	EndGlobalSection
	GlobalSection(ExtensibilityGlobals) = postSolution
		SolutionGuid = {B68E2D11-54DE-4F8E-B049-FF3F144C7D60}
	EndGlobalSection
EndGlobal
